// !$*UTF8*$!
{
	archiveVersion = 1;
	classes = {
	};
	objectVersion = 45;
	objects = {

/* Begin PBXBuildFile section */
		A46122001252B7A400A4A86B /* Foundation.framework in Frameworks */ = {isa = PBXBuildFile; fileRef = A46121FF1252B7A400A4A86B /* Foundation.framework */; };
		A46122021252B7A400A4A86B /* QuartzCore.framework in Frameworks */ = {isa = PBXBuildFile; fileRef = A46122011252B7A400A4A86B /* QuartzCore.framework */; };
		A46122041252B7A400A4A86B /* UIKit.framework in Frameworks */ = {isa = PBXBuildFile; fileRef = A46122031252B7A400A4A86B /* UIKit.framework */; };
		A461220B1252B7AF00A4A86B /* main.m in Sources */ = {isa = PBXBuildFile; fileRef = 6F1B7D5A125257E4007187EB /* main.m */; };
		A461220C1252B7BE00A4A86B /* KeyFrameView.m in Sources */ = {isa = PBXBuildFile; fileRef = 6F1B7CF012525703007187EB /* KeyFrameView.m */; };
		A461220D1252B7BE00A4A86B /* BaseView.m in Sources */ = {isa = PBXBuildFile; fileRef = 6F1B7CF212525703007187EB /* BaseView.m */; };
		A461220E1252B7C800A4A86B /* photo.jpg in Resources */ = {isa = PBXBuildFile; fileRef = 6F1B7D5C1252582D007187EB /* photo.jpg */; };
		A4F843ED1252B82B00E57803 /* CoreGraphics.framework in Frameworks */ = {isa = PBXBuildFile; fileRef = A4F843EC1252B82B00E57803 /* CoreGraphics.framework */; };
/* End PBXBuildFile section */

/* Begin PBXFileReference section */
		6F1B7CEF12525703007187EB /* KeyFrameView.h */ = {isa = PBXFileReference; fileEncoding = 4; lastKnownFileType = sourcecode.c.h; path = KeyFrameView.h; sourceTree = "<group>"; };
		6F1B7CF012525703007187EB /* KeyFrameView.m */ = {isa = PBXFileReference; fileEncoding = 4; lastKnownFileType = sourcecode.c.objc; path = KeyFrameView.m; sourceTree = "<group>"; };
		6F1B7CF112525703007187EB /* BaseView.h */ = {isa = PBXFileReference; fileEncoding = 4; lastKnownFileType = sourcecode.c.h; path = BaseView.h; sourceTree = "<group>"; };
		6F1B7CF212525703007187EB /* BaseView.m */ = {isa = PBXFileReference; fileEncoding = 4; lastKnownFileType = sourcecode.c.objc; path = BaseView.m; sourceTree = "<group>"; };
		6F1B7D5A125257E4007187EB /* main.m */ = {isa = PBXFileReference; fileEncoding = 4; lastKnownFileType = sourcecode.c.objc; path = main.m; sourceTree = "<group>"; };
		6F1B7D5C1252582D007187EB /* photo.jpg */ = {isa = PBXFileReference; lastKnownFileType = image.jpeg; path = photo.jpg; sourceTree = "<group>"; };
		A46121101252B51800A4A86B /* FirstAnimation_Prefix.pch */ = {isa = PBXFileReference; fileEncoding = 4; lastKnownFileType = sourcecode.c.h; name = FirstAnimation_Prefix.pch; path = ../../FirstAnimation_Prefix.pch; sourceTree = "<group>"; };
		A46121F91252B76000A4A86B /* FirstAnimation.app */ = {isa = PBXFileReference; explicitFileType = wrapper.application; includeInIndex = 0; path = FirstAnimation.app; sourceTree = BUILT_PRODUCTS_DIR; };
		A46121FB1252B76000A4A86B /* FirstAnimation-Info.plist */ = {isa = PBXFileReference; lastKnownFileType = text.plist.xml; name = "FirstAnimation-Info.plist"; path = "../../FirstAnimation-Info.plist"; sourceTree = "<group>"; };
		A46121FF1252B7A400A4A86B /* Foundation.framework */ = {isa = PBXFileReference; lastKnownFileType = wrapper.framework; name = Foundation.framework; path = System/Library/Frameworks/Foundation.framework; sourceTree = SDKROOT; };
		A46122011252B7A400A4A86B /* QuartzCore.framework */ = {isa = PBXFileReference; lastKnownFileType = wrapper.framework; name = QuartzCore.framework; path = System/Library/Frameworks/QuartzCore.framework; sourceTree = SDKROOT; };
		A46122031252B7A400A4A86B /* UIKit.framework */ = {isa = PBXFileReference; lastKnownFileType = wrapper.framework; name = UIKit.framework; path = System/Library/Frameworks/UIKit.framework; sourceTree = SDKROOT; };
		A4F843EC1252B82B00E57803 /* CoreGraphics.framework */ = {isa = PBXFileReference; lastKnownFileType = wrapper.framework; name = CoreGraphics.framework; path = System/Library/Frameworks/CoreGraphics.framework; sourceTree = SDKROOT; };
/* End PBXFileReference section */

/* Begin PBXFrameworksBuildPhase section */
		A46121F71252B76000A4A86B /* Frameworks */ = {
			isa = PBXFrameworksBuildPhase;
			buildActionMask = 2147483647;
			files = (
				A46122001252B7A400A4A86B /* Foundation.framework in Frameworks */,
				A46122021252B7A400A4A86B /* QuartzCore.framework in Frameworks */,
				A46122041252B7A400A4A86B /* UIKit.framework in Frameworks */,
				A4F843ED1252B82B00E57803 /* CoreGraphics.framework in Frameworks */,
			);
			runOnlyForDeploymentPostprocessing = 0;
		};
/* End PBXFrameworksBuildPhase section */

/* Begin PBXGroup section */
		6F1B7CDB125256AE007187EB /* Classes */ = {
			isa = PBXGroup;
			children = (
				6F1B7CEF12525703007187EB /* KeyFrameView.h */,
				6F1B7CF012525703007187EB /* KeyFrameView.m */,
				6F1B7CF112525703007187EB /* BaseView.h */,
				6F1B7CF212525703007187EB /* BaseView.m */,
			);
			name = Classes;
			sourceTree = "<group>";
		};
		6F1B7CDC125256B1007187EB /* Other Sources */ = {
			isa = PBXGroup;
			children = (
				A46121101252B51800A4A86B /* FirstAnimation_Prefix.pch */,
				6F1B7D5A125257E4007187EB /* main.m */,
				A46121FB1252B76000A4A86B /* FirstAnimation-Info.plist */,
			);
			name = "Other Sources";
			sourceTree = "<group>";
		};
		6F1B7CDD125256B4007187EB /* Resources */ = {
			isa = PBXGroup;
			children = (
				6F1B7D5C1252582D007187EB /* photo.jpg */,
			);
			name = Resources;
			sourceTree = "<group>";
		};
		6F1B7CDE125256BC007187EB /* Frameworks */ = {
			isa = PBXGroup;
			children = (
				A46121FF1252B7A400A4A86B /* Foundation.framework */,
				A46122011252B7A400A4A86B /* QuartzCore.framework */,
				A46122031252B7A400A4A86B /* UIKit.framework */,
				A4F843EC1252B82B00E57803 /* CoreGraphics.framework */,
			);
			name = Frameworks;
			sourceTree = "<group>";
		};
		6F306E67125255C1005DE142 = {
			isa = PBXGroup;
			children = (
				6F306E70125255CB005DE142 /* Chapter2 */,
				6F306E7A125255F9005DE142 /* Products */,
				6F1B7CDE125256BC007187EB /* Frameworks */,
			);
			sourceTree = "<group>";
		};
		6F306E70125255CB005DE142 /* Chapter2 */ = {
			isa = PBXGroup;
			children = (
				6F306E71125255CD005DE142 /* FirstAnimation */,
			);
			path = Chapter2;
			sourceTree = "<group>";
		};
		6F306E71125255CD005DE142 /* FirstAnimation */ = {
			isa = PBXGroup;
			children = (
				6F1B7CDB125256AE007187EB /* Classes */,
				6F1B7CDD125256B4007187EB /* Resources */,
				6F1B7CDC125256B1007187EB /* Other Sources */,
			);
			path = FirstAnimation;
			sourceTree = "<group>";
		};
		6F306E7A125255F9005DE142 /* Products */ = {
			isa = PBXGroup;
			children = (
				A46121F91252B76000A4A86B /* FirstAnimation.app */,
			);
			name = Products;
			sourceTree = "<group>";
		};
/* End PBXGroup section */

/* Begin PBXNativeTarget section */
		A46121F81252B76000A4A86B /* FirstAnimation */ = {
			isa = PBXNativeTarget;
			buildConfigurationList = A46121FE1252B76100A4A86B /* Build configuration list for PBXNativeTarget "FirstAnimation" */;
			buildPhases = (
				A46121F51252B76000A4A86B /* Resources */,
				A46121F61252B76000A4A86B /* Sources */,
				A46121F71252B76000A4A86B /* Frameworks */,
			);
			buildRules = (
			);
			dependencies = (
			);
			name = FirstAnimation;
			productName = FirstAnimation;
			productReference = A46121F91252B76000A4A86B /* FirstAnimation.app */;
			productType = "com.apple.product-type.application";
		};
/* End PBXNativeTarget section */

/* Begin PBXProject section */
		6F306E69125255C1005DE142 /* Project object */ = {
			isa = PBXProject;
			buildConfigurationList = 6F306E6C125255C1005DE142 /* Build configuration list for PBXProject "iOS4x" */;
			compatibilityVersion = "Xcode 2.4";
			developmentRegion = English;
			hasScannedForEncodings = 0;
			knownRegions = (
				English,
				Japanese,
				French,
				German,
			);
			mainGroup = 6F306E67125255C1005DE142;
			productRefGroup = 6F306E7A125255F9005DE142 /* Products */;
			projectDirPath = "";
			projectRoot = "";
			targets = (
				A46121F81252B76000A4A86B /* FirstAnimation */,
			);
		};
/* End PBXProject section */

/* Begin PBXResourcesBuildPhase section */
		A46121F51252B76000A4A86B /* Resources */ = {
			isa = PBXResourcesBuildPhase;
			buildActionMask = 2147483647;
			files = (
				A461220E1252B7C800A4A86B /* photo.jpg in Resources */,
			);
			runOnlyForDeploymentPostprocessing = 0;
		};
/* End PBXResourcesBuildPhase section */

/* Begin PBXSourcesBuildPhase section */
		A46121F61252B76000A4A86B /* Sources */ = {
			isa = PBXSourcesBuildPhase;
			buildActionMask = 2147483647;
			files = (
				A461220C1252B7BE00A4A86B /* KeyFrameView.m in Sources */,
				A461220D1252B7BE00A4A86B /* BaseView.m in Sources */,
				A461220B1252B7AF00A4A86B /* main.m in Sources */,
			);
			runOnlyForDeploymentPostprocessing = 0;
		};
/* End PBXSourcesBuildPhase section */

/* Begin XCBuildConfiguration section */
		6F306E6A125255C1005DE142 /* Debug */ = {
			isa = XCBuildConfiguration;
			buildSettings = {
				COPY_PHASE_STRIP = NO;
				SDKROOT = iphoneos4.1;
			};
			name = Debug;
		};
		6F306E6B125255C1005DE142 /* Release */ = {
			isa = XCBuildConfiguration;
			buildSettings = {
				COPY_PHASE_STRIP = YES;
			};
			name = Release;
		};
		A46121FC1252B76000A4A86B /* Debug */ = {
			isa = XCBuildConfiguration;
			buildSettings = {
				ALWAYS_SEARCH_USER_PATHS = NO;
				CODE_SIGN_IDENTITY = "iPhone Developer";
				COPY_PHASE_STRIP = NO;
				GCC_DYNAMIC_NO_PIC = NO;
				GCC_OPTIMIZATION_LEVEL = 0;
				GCC_PRECOMPILE_PREFIX_HEADER = YES;
				GCC_PREFIX_HEADER = FirstAnimation_Prefix.pch;
				INFOPLIST_FILE = "FirstAnimation-Info.plist";
				INSTALL_PATH = "$(HOME)/Applications";
				OTHER_LDFLAGS = (
					"-framework",
					Foundation,
					"-framework",
					UIKit,
				);
				PREBINDING = NO;
				PRODUCT_NAME = FirstAnimation;
				SDKROOT = iphoneos4.1;
			};
			name = Debug;
		};
		A46121FD1252B76000A4A86B /* Release */ = {
			isa = XCBuildConfiguration;
			buildSettings = {
				ALWAYS_SEARCH_USER_PATHS = NO;
				CODE_SIGN_IDENTITY = "iPhone Developer";
				COPY_PHASE_STRIP = YES;
				DEBUG_INFORMATION_FORMAT = "dwarf-with-dsym";
				GCC_ENABLE_FIX_AND_CONTINUE = NO;
				GCC_PRECOMPILE_PREFIX_HEADER = YES;
				GCC_PREFIX_HEADER = "$(SYSTEM_LIBRARY_DIR)/Frameworks/UIKit.framework/Headers/UIKit.h";
				INFOPLIST_FILE = "FirstAnimation-Info.plist";
				INSTALL_PATH = "$(HOME)/Applications";
				OTHER_LDFLAGS = (
					"-framework",
					Foundation,
					"-framework",
					UIKit,
				);
				PREBINDING = NO;
				PRODUCT_NAME = FirstAnimation;
				SDKROOT = iphoneos4.1;
				ZERO_LINK = NO;
			};
			name = Release;
		};
/* End XCBuildConfiguration section */

/* Begin XCConfigurationList section */
		6F306E6C125255C1005DE142 /* Build configuration list for PBXProject "iOS4x" */ = {
			isa = XCConfigurationList;
			buildConfigurations = (
				6F306E6A125255C1005DE142 /* Debug */,
				6F306E6B125255C1005DE142 /* Release */,
			);
			defaultConfigurationIsVisible = 0;
			defaultConfigurationName = Release;
		};
		A46121FE1252B76100A4A86B /* Build configuration list for PBXNativeTarget "FirstAnimation" */ = {
			isa = XCConfigurationList;
			buildConfigurations = (
				A46121FC1252B76000A4A86B /* Debug */,
				A46121FD1252B76000A4A86B /* Release */,
			);
			defaultConfigurationIsVisible = 0;
			defaultConfigurationName = Release;
		};
/* End XCConfigurationList section */
	};
	rootObject = 6F306E69125255C1005DE142 /* Project object */;
}
